
Microsoft Visual Studio Solution File, Format Version 12.00
# Visual Studio Version 17
VisualStudioVersion = 17.2.32616.157
MinimumVisualStudioVersion = 10.0.40219.1
Project("{FAE04EC0-301F-11D3-BF4B-00C04F79EFBC}") = "stockinfoapi", "stockinfoapi\stockinfoapi.csproj", "{26A1CA7C-787B-432C-99BC-C852108EF9CD}"
EndProject
Global
	GlobalSection(SolutionConfigurationPlatforms) = preSolution
		Debug|Any CPU = Debug|Any CPU
		Release|Any CPU = Release|Any CPU
	EndGlobalSection
	GlobalSection(ProjectConfigurationPlatforms) = postSolution
		{26A1CA7C-787B-432C-99BC-C852108EF9CD}.Debug|Any CPU.ActiveCfg = Debug|Any CPU
		{26A1CA7C-787B-432C-99BC-C852108EF9CD}.Debug|Any CPU.Build.0 = Debug|Any CPU
		{26A1CA7C-787B-432C-99BC-C852108EF9CD}.Release|Any CPU.ActiveCfg = Release|Any CPU
		{26A1CA7C-787B-432C-99BC-C852108EF9CD}.Release|Any CPU.Build.0 = Release|Any CPU
	EndGlobalSection
	GlobalSection(SolutionProperties) = preSolution
		HideSolutionNode = FALSE
	EndGlobalSection
	GlobalSection(ExtensibilityGlobals) = postSolution
		SolutionGuid = {31E9C73B-B441-4900-A736-3D718A383B37}
	EndGlobalSection
EndGlobal
